dependencies:
  espressif/cmake_utilities:
    component_hash: 351350613ceafba240b761b4ea991e0f231ac7a9f59a9ee901f751bddc0bb18f
    dependencies:
    - name: idf
      require: private
      version: '>=4.1'
    source:
      registry_url: https://components.espressif.com
      type: service
    version: 0.5.3
  espressif/esp_lcd_ili9341:
    component_hash: 476fe49688f95201cba03a9391142d48c20b26f8e937de9ece44770a24943829
    dependencies:
    - name: espressif/cmake_utilities
      registry_url: https://components.espressif.com
      require: private
      version: 0.*
    - name: idf
      require: private
      version: '>=4.4'
    source:
      registry_url: https://components.espressif.com/
      type: service
    version: 2.0.1
  idf:
    source:
      type: idf
    version: 5.5.1
direct_dependencies:
- espressif/esp_lcd_ili9341
- idf
manifest_hash: c50148d09987c2263eae30624df79e66992341573ae3848872a5b50d60d5f438
target: esp32p4
version: 2.0.0
